
Microsoft Visual Studio Solution File, Format Version 12.00
# Visual Studio Version 16
VisualStudioVersion = 16.0.29926.136
MinimumVisualStudioVersion = 10.0.40219.1
Project("{FAE04EC0-301F-11D3-BF4B-00C04F79EFBC}") = "task_6", "task_6\task_6.csproj", "{7A743D2B-89C4-46F6-9DC5-98E964D71826}"
EndProject
Global
	GlobalSection(SolutionConfigurationPlatforms) = preSolution
		Debug|Any CPU = Debug|Any CPU
		Release|Any CPU = Release|Any CPU
	EndGlobalSection
	GlobalSection(ProjectConfigurationPlatforms) = postSolution
		{7A743D2B-89C4-46F6-9DC5-98E964D71826}.Debug|Any CPU.ActiveCfg = Debug|Any CPU
		{7A743D2B-89C4-46F6-9DC5-98E964D71826}.Debug|Any CPU.Build.0 = Debug|Any CPU
		{7A743D2B-89C4-46F6-9DC5-98E964D71826}.Release|Any CPU.ActiveCfg = Release|Any CPU
		{7A743D2B-89C4-46F6-9DC5-98E964D71826}.Release|Any CPU.Build.0 = Release|Any CPU
	EndGlobalSection
	GlobalSection(SolutionProperties) = preSolution
		HideSolutionNode = FALSE
	EndGlobalSection
	GlobalSection(ExtensibilityGlobals) = postSolution
		SolutionGuid = {9EE05BA6-C9A2-4D06-844E-53E70C3B5FF7}
	EndGlobalSection
EndGlobal
